
Microsoft Visual Studio Solution File, Format Version 12.00
# Visual Studio 15
VisualStudioVersion = 15.0.28307.136
MinimumVisualStudioVersion = 10.0.40219.1
Project("{8BC9CEB8-8B4A-11D0-8D11-00A0C91BC942}") = "Projectile_motion", "Projectile_motion.vcxproj", "{64CFFF9E-404A-4849-8837-AF91794ECD36}"
EndProject
Global
	GlobalSection(SolutionConfigurationPlatforms) = preSolution
		Debug|x64 = Debug|x64
		Release|x64 = Release|x64
	EndGlobalSection
	GlobalSection(ProjectConfigurationPlatforms) = postSolution
		{64CFFF9E-404A-4849-8837-AF91794ECD36}.Debug|x64.ActiveCfg = Debug|x64
		{64CFFF9E-404A-4849-8837-AF91794ECD36}.Debug|x64.Build.0 = Debug|x64
		{64CFFF9E-404A-4849-8837-AF91794ECD36}.Release|x64.ActiveCfg = Release|x64
		{64CFFF9E-404A-4849-8837-AF91794ECD36}.Release|x64.Build.0 = Release|x64
	EndGlobalSection
	GlobalSection(SolutionProperties) = preSolution
		HideSolutionNode = FALSE
	EndGlobalSection
	GlobalSection(ExtensibilityGlobals) = postSolution
		SolutionGuid = {9AD4FCBD-959E-45AF-8DEB-A53362F18398}
	EndGlobalSection
EndGlobal
