
Microsoft Visual Studio Solution File, Format Version 12.00
# Visual Studio 15
VisualStudioVersion = 15.0.28307.705
MinimumVisualStudioVersion = 10.0.40219.1
Project("{8BC9CEB8-8B4A-11D0-8D11-00A0C91BC942}") = "no_accessor_aliasing", "no_accessor_aliasing.vcxproj", "{F9714156-AB88-4B07-83AF-A6BCBB36525E}"
EndProject
Global
	GlobalSection(SolutionConfigurationPlatforms) = preSolution
		Debug|x64 = Debug|x64
		Release|x64 = Release|x64
	EndGlobalSection
	GlobalSection(ProjectConfigurationPlatforms) = postSolution
		{F9714156-AB88-4B07-83AF-A6BCBB36525E}.Debug|x64.ActiveCfg = Debug|x64
		{F9714156-AB88-4B07-83AF-A6BCBB36525E}.Debug|x64.Build.0 = Debug|x64
		{F9714156-AB88-4B07-83AF-A6BCBB36525E}.Release|x64.ActiveCfg = Release|x64
		{F9714156-AB88-4B07-83AF-A6BCBB36525E}.Release|x64.Build.0 = Release|x64
	EndGlobalSection
	GlobalSection(SolutionProperties) = preSolution
		HideSolutionNode = FALSE
	EndGlobalSection
	GlobalSection(ExtensibilityGlobals) = postSolution
		SolutionGuid = {23582E6F-253C-4491-9562-54CB134F5620}
	EndGlobalSection
EndGlobal
