
Microsoft Visual Studio Solution File, Format Version 12.00
# Visual Studio 15
VisualStudioVersion = 15.0.28307.1000
MinimumVisualStudioVersion = 10.0.40219.1
Project("{888888A0-9F3D-457C-B088-3A5042F75D52}") = "py_encode", "py_encode.pyproj", "{0C309DD9-C3D3-481F-AC6F-005967ABC503}"
EndProject
Global
	GlobalSection(SolutionConfigurationPlatforms) = preSolution
		Debug|Any CPU = Debug|Any CPU
		Release|Any CPU = Release|Any CPU
	EndGlobalSection
	GlobalSection(ProjectConfigurationPlatforms) = postSolution
		{0C309DD9-C3D3-481F-AC6F-005967ABC503}.Debug|Any CPU.ActiveCfg = Debug|Any CPU
		{0C309DD9-C3D3-481F-AC6F-005967ABC503}.Release|Any CPU.ActiveCfg = Release|Any CPU
	EndGlobalSection
	GlobalSection(SolutionProperties) = preSolution
		HideSolutionNode = FALSE
	EndGlobalSection
	GlobalSection(ExtensibilityGlobals) = postSolution
		SolutionGuid = {D4B8B7E8-5E1E-4AEB-BA1C-E1255FD45492}
	EndGlobalSection
EndGlobal
